
Microsoft Visual Studio Solution File, Format Version 12.00
# Visual Studio Version 17
VisualStudioVersion = 17.11.35303.130
MinimumVisualStudioVersion = 10.0.40219.1
Project("{2150E333-8FDC-42A3-9474-1A3956D46DE8}") = "Task0", "Task0", "{79BDCE90-40F6-44B2-8562-E8B7A829E1F9}"
EndProject
Project("{FAE04EC0-301F-11D3-BF4B-00C04F79EFBC}") = "Tyuiu.FilatovDK.Sprint5.Task0.V27", "Tyuiu.FilatovDK.Sprint5.Task0.V27\Tyuiu.FilatovDK.Sprint5.Task0.V27.csproj", "{6AED2807-4D63-4877-980F-938AAB753247}"
EndProject
Project("{FAE04EC0-301F-11D3-BF4B-00C04F79EFBC}") = "Tyuiu.FilatovDK.Sprint5.Task0.V27.Lib", "Tyuiu.FilatovDK.Sprint5.Task0.V27.Lib\Tyuiu.FilatovDK.Sprint5.Task0.V27.Lib.csproj", "{74011D3A-5E91-4B30-8274-371837576AA8}"
EndProject
Project("{FAE04EC0-301F-11D3-BF4B-00C04F79EFBC}") = "Tyuiu.FilatovDK.Sprint5.Task0.V27.Test", "Tyuiu.FilatovDK.Sprint5.Task0.V27.Test\Tyuiu.FilatovDK.Sprint5.Task0.V27.Test.csproj", "{FB63A311-9BD9-4DF0-95AD-B6EA03566B90}"
EndProject
Project("{2150E333-8FDC-42A3-9474-1A3956D46DE8}") = "Task1", "Task1", "{A08C2E77-8108-4520-BA3C-48A55E89B2EA}"
EndProject
Project("{FAE04EC0-301F-11D3-BF4B-00C04F79EFBC}") = "Tyuiu.FilatovDK.Sprint5.Task1.V5", "Tyuiu.FilatovDK.Sprint5.Task1.V5\Tyuiu.FilatovDK.Sprint5.Task1.V5.csproj", "{C95DDDA7-A4E3-46A4-8091-AA570434E602}"
EndProject
Project("{FAE04EC0-301F-11D3-BF4B-00C04F79EFBC}") = "Tyuiu.FilatovDK.Sprint5.Task1.V5.Lib", "Tyuiu.FilatovDK.Sprint5.Task1.V5.Lib\Tyuiu.FilatovDK.Sprint5.Task1.V5.Lib.csproj", "{80527787-D4EA-4137-897D-FC2A9A1B3DDC}"
EndProject
Project("{FAE04EC0-301F-11D3-BF4B-00C04F79EFBC}") = "Tyuiu.FilatovDK.Sprint5.Task1.V5.Test", "Tyuiu.FilatovDK.Sprint5.Task1.V5.Test\Tyuiu.FilatovDK.Sprint5.Task1.V5.Test.csproj", "{BFC258F9-A75B-422A-980B-9AC5A7B5B188}"
EndProject
Project("{2150E333-8FDC-42A3-9474-1A3956D46DE8}") = "Task2", "Task2", "{536A1F1D-35D4-4E52-A4C5-2F60D90FF753}"
EndProject
Project("{FAE04EC0-301F-11D3-BF4B-00C04F79EFBC}") = "Tyuiu.FilatovDK.Sprint5.Task2.V9", "Tyuiu.FilatovDK.Sprint5.Task2.V9\Tyuiu.FilatovDK.Sprint5.Task2.V9.csproj", "{43231440-C9EC-4609-9735-3BB7CD92CF2A}"
EndProject
Project("{FAE04EC0-301F-11D3-BF4B-00C04F79EFBC}") = "Tyuiu.FilatovDK.Sprint5.Task2.V9.Lib", "Tyuiu.FilatovDK.Sprint5.Task2.V9.Lib\Tyuiu.FilatovDK.Sprint5.Task2.V9.Lib.csproj", "{41C1C548-387F-4570-B19B-3DEB4052755A}"
EndProject
Project("{FAE04EC0-301F-11D3-BF4B-00C04F79EFBC}") = "Tyuiu.FilatovDK.Sprint5.Task2.V9.Test", "Tyuiu.FilatovDK.Sprint5.Task2.V9.Test\Tyuiu.FilatovDK.Sprint5.Task2.V9.Test.csproj", "{CC90ABC8-2AED-4C1E-85C0-12B71F1743DA}"
EndProject
Project("{2150E333-8FDC-42A3-9474-1A3956D46DE8}") = "Task3", "Task3", "{8A89C7C2-462C-49F3-B5E6-91B4E5127A99}"
EndProject
Project("{FAE04EC0-301F-11D3-BF4B-00C04F79EFBC}") = "Tyuiu.FilatovDK.Sprint5.Task3.V30", "Tyuiu.FilatovDK.Sprint5.Task3.V30\Tyuiu.FilatovDK.Sprint5.Task3.V30.csproj", "{E0CCBEE1-2BB8-4997-BC93-0888EA272C24}"
EndProject
Project("{FAE04EC0-301F-11D3-BF4B-00C04F79EFBC}") = "Tyuiu.FilatovDK.Sprint5.Task3.V30.Lib", "Tyuiu.FilatovDK.Sprint5.Task3.V30.Lib\Tyuiu.FilatovDK.Sprint5.Task3.V30.Lib.csproj", "{08CC7C7D-9638-44F8-A8E5-57514C06DFB1}"
EndProject
Project("{FAE04EC0-301F-11D3-BF4B-00C04F79EFBC}") = "Tyuiu.FilatovDK.Sprint5.Task3.V30.Test", "Tyuiu.FilatovDK.Sprint5.Task3.V30.Test\Tyuiu.FilatovDK.Sprint5.Task3.V30.Test.csproj", "{7CCB1581-E8AF-4BB7-BAA6-E088DEF863C4}"
EndProject
Global
	GlobalSection(SolutionConfigurationPlatforms) = preSolution
		Debug|Any CPU = Debug|Any CPU
		Release|Any CPU = Release|Any CPU
	EndGlobalSection
	GlobalSection(ProjectConfigurationPlatforms) = postSolution
		{6AED2807-4D63-4877-980F-938AAB753247}.Debug|Any CPU.ActiveCfg = Debug|Any CPU
		{6AED2807-4D63-4877-980F-938AAB753247}.Debug|Any CPU.Build.0 = Debug|Any CPU
		{6AED2807-4D63-4877-980F-938AAB753247}.Release|Any CPU.ActiveCfg = Release|Any CPU
		{6AED2807-4D63-4877-980F-938AAB753247}.Release|Any CPU.Build.0 = Release|Any CPU
		{74011D3A-5E91-4B30-8274-371837576AA8}.Debug|Any CPU.ActiveCfg = Debug|Any CPU
		{74011D3A-5E91-4B30-8274-371837576AA8}.Debug|Any CPU.Build.0 = Debug|Any CPU
		{74011D3A-5E91-4B30-8274-371837576AA8}.Release|Any CPU.ActiveCfg = Release|Any CPU
		{74011D3A-5E91-4B30-8274-371837576AA8}.Release|Any CPU.Build.0 = Release|Any CPU
		{FB63A311-9BD9-4DF0-95AD-B6EA03566B90}.Debug|Any CPU.ActiveCfg = Debug|Any CPU
		{FB63A311-9BD9-4DF0-95AD-B6EA03566B90}.Debug|Any CPU.Build.0 = Debug|Any CPU
		{FB63A311-9BD9-4DF0-95AD-B6EA03566B90}.Release|Any CPU.ActiveCfg = Release|Any CPU
		{FB63A311-9BD9-4DF0-95AD-B6EA03566B90}.Release|Any CPU.Build.0 = Release|Any CPU
		{C95DDDA7-A4E3-46A4-8091-AA570434E602}.Debug|Any CPU.ActiveCfg = Debug|Any CPU
		{C95DDDA7-A4E3-46A4-8091-AA570434E602}.Debug|Any CPU.Build.0 = Debug|Any CPU
		{C95DDDA7-A4E3-46A4-8091-AA570434E602}.Release|Any CPU.ActiveCfg = Release|Any CPU
		{C95DDDA7-A4E3-46A4-8091-AA570434E602}.Release|Any CPU.Build.0 = Release|Any CPU
		{80527787-D4EA-4137-897D-FC2A9A1B3DDC}.Debug|Any CPU.ActiveCfg = Debug|Any CPU
		{80527787-D4EA-4137-897D-FC2A9A1B3DDC}.Debug|Any CPU.Build.0 = Debug|Any CPU
		{80527787-D4EA-4137-897D-FC2A9A1B3DDC}.Release|Any CPU.ActiveCfg = Release|Any CPU
		{80527787-D4EA-4137-897D-FC2A9A1B3DDC}.Release|Any CPU.Build.0 = Release|Any CPU
		{BFC258F9-A75B-422A-980B-9AC5A7B5B188}.Debug|Any CPU.ActiveCfg = Debug|Any CPU
		{BFC258F9-A75B-422A-980B-9AC5A7B5B188}.Debug|Any CPU.Build.0 = Debug|Any CPU
		{BFC258F9-A75B-422A-980B-9AC5A7B5B188}.Release|Any CPU.ActiveCfg = Release|Any CPU
		{BFC258F9-A75B-422A-980B-9AC5A7B5B188}.Release|Any CPU.Build.0 = Release|Any CPU
		{43231440-C9EC-4609-9735-3BB7CD92CF2A}.Debug|Any CPU.ActiveCfg = Debug|Any CPU
		{43231440-C9EC-4609-9735-3BB7CD92CF2A}.Debug|Any CPU.Build.0 = Debug|Any CPU
		{43231440-C9EC-4609-9735-3BB7CD92CF2A}.Release|Any CPU.ActiveCfg = Release|Any CPU
		{43231440-C9EC-4609-9735-3BB7CD92CF2A}.Release|Any CPU.Build.0 = Release|Any CPU
		{41C1C548-387F-4570-B19B-3DEB4052755A}.Debug|Any CPU.ActiveCfg = Debug|Any CPU
		{41C1C548-387F-4570-B19B-3DEB4052755A}.Debug|Any CPU.Build.0 = Debug|Any CPU
		{41C1C548-387F-4570-B19B-3DEB4052755A}.Release|Any CPU.ActiveCfg = Release|Any CPU
		{41C1C548-387F-4570-B19B-3DEB4052755A}.Release|Any CPU.Build.0 = Release|Any CPU
		{CC90ABC8-2AED-4C1E-85C0-12B71F1743DA}.Debug|Any CPU.ActiveCfg = Debug|Any CPU
		{CC90ABC8-2AED-4C1E-85C0-12B71F1743DA}.Debug|Any CPU.Build.0 = Debug|Any CPU
		{CC90ABC8-2AED-4C1E-85C0-12B71F1743DA}.Release|Any CPU.ActiveCfg = Release|Any CPU
		{CC90ABC8-2AED-4C1E-85C0-12B71F1743DA}.Release|Any CPU.Build.0 = Release|Any CPU
		{E0CCBEE1-2BB8-4997-BC93-0888EA272C24}.Debug|Any CPU.ActiveCfg = Debug|Any CPU
		{E0CCBEE1-2BB8-4997-BC93-0888EA272C24}.Debug|Any CPU.Build.0 = Debug|Any CPU
		{E0CCBEE1-2BB8-4997-BC93-0888EA272C24}.Release|Any CPU.ActiveCfg = Release|Any CPU
		{E0CCBEE1-2BB8-4997-BC93-0888EA272C24}.Release|Any CPU.Build.0 = Release|Any CPU
		{08CC7C7D-9638-44F8-A8E5-57514C06DFB1}.Debug|Any CPU.ActiveCfg = Debug|Any CPU
		{08CC7C7D-9638-44F8-A8E5-57514C06DFB1}.Debug|Any CPU.Build.0 = Debug|Any CPU
		{08CC7C7D-9638-44F8-A8E5-57514C06DFB1}.Release|Any CPU.ActiveCfg = Release|Any CPU
		{08CC7C7D-9638-44F8-A8E5-57514C06DFB1}.Release|Any CPU.Build.0 = Release|Any CPU
		{7CCB1581-E8AF-4BB7-BAA6-E088DEF863C4}.Debug|Any CPU.ActiveCfg = Debug|Any CPU
		{7CCB1581-E8AF-4BB7-BAA6-E088DEF863C4}.Debug|Any CPU.Build.0 = Debug|Any CPU
		{7CCB1581-E8AF-4BB7-BAA6-E088DEF863C4}.Release|Any CPU.ActiveCfg = Release|Any CPU
		{7CCB1581-E8AF-4BB7-BAA6-E088DEF863C4}.Release|Any CPU.Build.0 = Release|Any CPU
	EndGlobalSection
	GlobalSection(SolutionProperties) = preSolution
		HideSolutionNode = FALSE
	EndGlobalSection
	GlobalSection(NestedProjects) = preSolution
		{6AED2807-4D63-4877-980F-938AAB753247} = {79BDCE90-40F6-44B2-8562-E8B7A829E1F9}
		{74011D3A-5E91-4B30-8274-371837576AA8} = {79BDCE90-40F6-44B2-8562-E8B7A829E1F9}
		{FB63A311-9BD9-4DF0-95AD-B6EA03566B90} = {79BDCE90-40F6-44B2-8562-E8B7A829E1F9}
		{C95DDDA7-A4E3-46A4-8091-AA570434E602} = {A08C2E77-8108-4520-BA3C-48A55E89B2EA}
		{80527787-D4EA-4137-897D-FC2A9A1B3DDC} = {A08C2E77-8108-4520-BA3C-48A55E89B2EA}
		{BFC258F9-A75B-422A-980B-9AC5A7B5B188} = {A08C2E77-8108-4520-BA3C-48A55E89B2EA}
		{43231440-C9EC-4609-9735-3BB7CD92CF2A} = {536A1F1D-35D4-4E52-A4C5-2F60D90FF753}
		{41C1C548-387F-4570-B19B-3DEB4052755A} = {536A1F1D-35D4-4E52-A4C5-2F60D90FF753}
		{CC90ABC8-2AED-4C1E-85C0-12B71F1743DA} = {536A1F1D-35D4-4E52-A4C5-2F60D90FF753}
		{E0CCBEE1-2BB8-4997-BC93-0888EA272C24} = {8A89C7C2-462C-49F3-B5E6-91B4E5127A99}
		{08CC7C7D-9638-44F8-A8E5-57514C06DFB1} = {8A89C7C2-462C-49F3-B5E6-91B4E5127A99}
		{7CCB1581-E8AF-4BB7-BAA6-E088DEF863C4} = {8A89C7C2-462C-49F3-B5E6-91B4E5127A99}
	EndGlobalSection
	GlobalSection(ExtensibilityGlobals) = postSolution
		SolutionGuid = {B950D40B-59DF-49CB-A31B-62CC6C2D8BAD}
	EndGlobalSection
EndGlobal
